
Microsoft Visual Studio Solution File, Format Version 12.00
# Visual Studio Version 16
VisualStudioVersion = 16.0.30204.135
MinimumVisualStudioVersion = 10.0.40219.1
Project("{9A19103F-16F7-4668-BE54-9A1E7A4F7556}") = "HermesLog", "HermesLog\HermesLog.csproj", "{F9BE21A7-F78E-4835-AAE9-08AF495771B1}"
EndProject
Project("{2150E333-8FDC-42A3-9474-1A3956D46DE8}") = "Solution Items", "Solution Items", "{E3098376-0437-4B16-A303-4AD4B6D22E82}"
	ProjectSection(SolutionItems) = preProject
		.dockerignore = .dockerignore
		docker-compose.yml = docker-compose.yml
		Dockerfile = Dockerfile
	EndProjectSection
EndProject
Project("{FAE04EC0-301F-11D3-BF4B-00C04F79EFBC}") = "HermesLog.Test", "HermesLog.Test\HermesLog.Test.csproj", "{74578823-93A5-4B94-BA63-68969CA3E620}"
EndProject
Global
	GlobalSection(SolutionConfigurationPlatforms) = preSolution
		Debug|Any CPU = Debug|Any CPU
		Release|Any CPU = Release|Any CPU
	EndGlobalSection
	GlobalSection(ProjectConfigurationPlatforms) = postSolution
		{F9BE21A7-F78E-4835-AAE9-08AF495771B1}.Debug|Any CPU.ActiveCfg = Debug|Any CPU
		{F9BE21A7-F78E-4835-AAE9-08AF495771B1}.Debug|Any CPU.Build.0 = Debug|Any CPU
		{F9BE21A7-F78E-4835-AAE9-08AF495771B1}.Release|Any CPU.ActiveCfg = Release|Any CPU
		{F9BE21A7-F78E-4835-AAE9-08AF495771B1}.Release|Any CPU.Build.0 = Release|Any CPU
		{74578823-93A5-4B94-BA63-68969CA3E620}.Debug|Any CPU.ActiveCfg = Debug|Any CPU
		{74578823-93A5-4B94-BA63-68969CA3E620}.Debug|Any CPU.Build.0 = Debug|Any CPU
		{74578823-93A5-4B94-BA63-68969CA3E620}.Release|Any CPU.ActiveCfg = Release|Any CPU
		{74578823-93A5-4B94-BA63-68969CA3E620}.Release|Any CPU.Build.0 = Release|Any CPU
	EndGlobalSection
	GlobalSection(SolutionProperties) = preSolution
		HideSolutionNode = FALSE
	EndGlobalSection
	GlobalSection(ExtensibilityGlobals) = postSolution
		SolutionGuid = {EFD1EAE9-556B-4C0D-88A7-7C8C8C8716B6}
	EndGlobalSection
EndGlobal
